
Microsoft Visual Studio Solution File, Format Version 12.00
# Visual Studio Version 17
VisualStudioVersion = 17.3.32922.545
MinimumVisualStudioVersion = 10.0.40219.1
Project("{9A19103F-16F7-4668-BE54-9A1E7A4F7556}") = "TTT", "Canopius-TTT\TTT.csproj", "{2554C2E5-55E0-428B-AC29-E6CCCB0D11A4}"
EndProject
Global
	GlobalSection(SolutionConfigurationPlatforms) = preSolution
		Debug|Any CPU = Debug|Any CPU
		Release|Any CPU = Release|Any CPU
	EndGlobalSection
	GlobalSection(ProjectConfigurationPlatforms) = postSolution
		{2554C2E5-55E0-428B-AC29-E6CCCB0D11A4}.Debug|Any CPU.ActiveCfg = Debug|Any CPU
		{2554C2E5-55E0-428B-AC29-E6CCCB0D11A4}.Debug|Any CPU.Build.0 = Debug|Any CPU
		{2554C2E5-55E0-428B-AC29-E6CCCB0D11A4}.Release|Any CPU.ActiveCfg = Release|Any CPU
		{2554C2E5-55E0-428B-AC29-E6CCCB0D11A4}.Release|Any CPU.Build.0 = Release|Any CPU
	EndGlobalSection
	GlobalSection(SolutionProperties) = preSolution
		HideSolutionNode = FALSE
	EndGlobalSection
	GlobalSection(ExtensibilityGlobals) = postSolution
		SolutionGuid = {1E53138B-6084-4B67-BF6D-629177B475F4}
	EndGlobalSection
EndGlobal
